
Microsoft Visual Studio Solution File, Format Version 12.00
# Visual Studio Version 16
VisualStudioVersion = 16.0.31727.386
MinimumVisualStudioVersion = 10.0.40219.1
Project("{F184B08F-C81C-45F6-A57F-5ABD9991F28F}") = "MatuTestAPP", "MatuTestAPP\MatuTestAPP.vbproj", "{CEAF0589-4ABE-446E-A1F1-3C6F72B42230}"
EndProject
Global
	GlobalSection(SolutionConfigurationPlatforms) = preSolution
		Debug|Any CPU = Debug|Any CPU
		Release|Any CPU = Release|Any CPU
	EndGlobalSection
	GlobalSection(ProjectConfigurationPlatforms) = postSolution
		{CEAF0589-4ABE-446E-A1F1-3C6F72B42230}.Debug|Any CPU.ActiveCfg = Debug|Any CPU
		{CEAF0589-4ABE-446E-A1F1-3C6F72B42230}.Debug|Any CPU.Build.0 = Debug|Any CPU
		{CEAF0589-4ABE-446E-A1F1-3C6F72B42230}.Release|Any CPU.ActiveCfg = Release|Any CPU
		{CEAF0589-4ABE-446E-A1F1-3C6F72B42230}.Release|Any CPU.Build.0 = Release|Any CPU
	EndGlobalSection
	GlobalSection(SolutionProperties) = preSolution
		HideSolutionNode = FALSE
	EndGlobalSection
	GlobalSection(ExtensibilityGlobals) = postSolution
		SolutionGuid = {D4A583BD-F533-4971-B656-449F721A11A7}
	EndGlobalSection
EndGlobal
